// !$*UTF8*$!
{
	archiveVersion = 1;
	classes = {
	};
	objectVersion = 46;
	objects = {

/* Begin PBXBuildFile section */
		513051451DB1504400729D1C /* TapittyTapTap.m in Sources */ = {isa = PBXBuildFile; fileRef = 513051441DB1504400729D1C /* TapittyTapTap.m */; };
		513051461DB1504400729D1C /* TapittyTapTap.h in CopyFiles */ = {isa = PBXBuildFile; fileRef = 513051431DB1504400729D1C /* TapittyTapTap.h */; };
/* End PBXBuildFile section */

/* Begin PBXCopyFilesBuildPhase section */
		5130513E1DB1504400729D1C /* CopyFiles */ = {
			isa = PBXCopyFilesBuildPhase;
			buildActionMask = 2147483647;
			dstPath = "include/$(PRODUCT_NAME)";
			dstSubfolderSpec = 16;
			files = (
				513051461DB1504400729D1C /* TapittyTapTap.h in CopyFiles */,
			);
			runOnlyForDeploymentPostprocessing = 0;
		};
/* End PBXCopyFilesBuildPhase section */

/* Begin PBXFileReference section */
		513051401DB1504400729D1C /* libTapittyTapTap.a */ = {isa = PBXFileReference; explicitFileType = archive.ar; includeInIndex = 0; path = libTapittyTapTap.a; sourceTree = BUILT_PRODUCTS_DIR; };
		513051431DB1504400729D1C /* TapittyTapTap.h */ = {isa = PBXFileReference; lastKnownFileType = sourcecode.c.h; path = TapittyTapTap.h; sourceTree = "<group>"; };
		513051441DB1504400729D1C /* TapittyTapTap.m */ = {isa = PBXFileReference; lastKnownFileType = sourcecode.c.objc; path = TapittyTapTap.m; sourceTree = "<group>"; };
/* End PBXFileReference section */

/* Begin PBXFrameworksBuildPhase section */
		5130513D1DB1504400729D1C /* Frameworks */ = {
			isa = PBXFrameworksBuildPhase;
			buildActionMask = 2147483647;
			files = (
			);
			runOnlyForDeploymentPostprocessing = 0;
		};
/* End PBXFrameworksBuildPhase section */

/* Begin PBXGroup section */
		513051371DB1504400729D1C = {
			isa = PBXGroup;
			children = (
				513051421DB1504400729D1C /* TapittyTapTap */,
				513051411DB1504400729D1C /* Products */,
			);
			sourceTree = "<group>";
		};
		513051411DB1504400729D1C /* Products */ = {
			isa = PBXGroup;
			children = (
				513051401DB1504400729D1C /* libTapittyTapTap.a */,
			);
			name = Products;
			sourceTree = "<group>";
		};
		513051421DB1504400729D1C /* TapittyTapTap */ = {
			isa = PBXGroup;
			children = (
				513051431DB1504400729D1C /* TapittyTapTap.h */,
				513051441DB1504400729D1C /* TapittyTapTap.m */,
			);
			path = TapittyTapTap;
			sourceTree = "<group>";
		};
/* End PBXGroup section */

/* Begin PBXNativeTarget section */
		5130513F1DB1504400729D1C /* TapittyTapTap */ = {
			isa = PBXNativeTarget;
			buildConfigurationList = 513051491DB1504400729D1C /* Build configuration list for PBXNativeTarget "TapittyTapTap" */;
			buildPhases = (
				5130513C1DB1504400729D1C /* Sources */,
				5130513D1DB1504400729D1C /* Frameworks */,
				5130513E1DB1504400729D1C /* CopyFiles */,
			);
			buildRules = (
			);
			dependencies = (
			);
			name = TapittyTapTap;
			productName = TapittyTapTap;
			productReference = 513051401DB1504400729D1C /* libTapittyTapTap.a */;
			productType = "com.apple.product-type.library.static";
		};
/* End PBXNativeTarget section */

/* Begin PBXProject section */
		513051381DB1504400729D1C /* Project object */ = {
			isa = PBXProject;
			attributes = {
				LastUpgradeCheck = 0800;
				ORGANIZATIONNAME = "Dustin Wenz";
				TargetAttributes = {
					5130513F1DB1504400729D1C = {
						CreatedOnToolsVersion = 8.0;
						DevelopmentTeam = TZ45ZW2588;
						ProvisioningStyle = Automatic;
					};
				};
			};
			buildConfigurationList = 5130513B1DB1504400729D1C /* Build configuration list for PBXProject "TapittyTapTap" */;
			compatibilityVersion = "Xcode 3.2";
			developmentRegion = English;
			hasScannedForEncodings = 0;
			knownRegions = (
				en,
			);
			mainGroup = 513051371DB1504400729D1C;
			productRefGroup = 513051411DB1504400729D1C /* Products */;
			projectDirPath = "";
			projectRoot = "";
			targets = (
				5130513F1DB1504400729D1C /* TapittyTapTap */,
			);
		};
/* End PBXProject section */

/* Begin PBXSourcesBuildPhase section */
		5130513C1DB1504400729D1C /* Sources */ = {
			isa = PBXSourcesBuildPhase;
			buildActionMask = 2147483647;
			files = (
				513051451DB1504400729D1C /* TapittyTapTap.m in Sources */,
			);
			runOnlyForDeploymentPostprocessing = 0;
		};
/* End PBXSourcesBuildPhase section */

/* Begin XCBuildConfiguration section */
		513051471DB1504400729D1C /* Debug */ = {
			isa = XCBuildConfiguration;
			buildSettings = {
				ALWAYS_SEARCH_USER_PATHS = NO;
				CLANG_ANALYZER_NONNULL = YES;
				CLANG_CXX_LANGUAGE_STANDARD = "gnu++0x";
				CLANG_CXX_LIBRARY = "libc++";
				CLANG_ENABLE_MODULES = YES;
				CLANG_ENABLE_OBJC_ARC = YES;
				CLANG_WARN_BOOL_CONVERSION = YES;
				CLANG_WARN_CONSTANT_CONVERSION = YES;
				CLANG_WARN_DIRECT_OBJC_ISA_USAGE = YES_ERROR;
				CLANG_WARN_DOCUMENTATION_COMMENTS = YES;
				CLANG_WARN_EMPTY_BODY = YES;
				CLANG_WARN_ENUM_CONVERSION = YES;
				CLANG_WARN_INFINITE_RECURSION = YES;
				CLANG_WARN_INT_CONVERSION = YES;
				CLANG_WARN_OBJC_ROOT_CLASS = YES_ERROR;
				CLANG_WARN_SUSPICIOUS_MOVES = YES;
				CLANG_WARN_UNREACHABLE_CODE = YES;
				CLANG_WARN__DUPLICATE_METHOD_MATCH = YES;
				"CODE_SIGN_IDENTITY[sdk=iphoneos*]" = "iPhone Developer";
				COPY_PHASE_STRIP = NO;
				DEBUG_INFORMATION_FORMAT = dwarf;
				ENABLE_STRICT_OBJC_MSGSEND = YES;
				ENABLE_TESTABILITY = YES;
				GCC_C_LANGUAGE_STANDARD = gnu99;
				GCC_DYNAMIC_NO_PIC = NO;
				GCC_NO_COMMON_BLOCKS = YES;
				GCC_OPTIMIZATION_LEVEL = 0;
				GCC_PREPROCESSOR_DEFINITIONS = (
					"DEBUG=1",
					"$(inherited)",
				);
				GCC_WARN_64_TO_32_BIT_CONVERSION = YES;
				GCC_WARN_ABOUT_RETURN_TYPE = YES_ERROR;
				GCC_WARN_UNDECLARED_SELECTOR = YES;
				GCC_WARN_UNINITIALIZED_AUTOS = YES_AGGRESSIVE;
				GCC_WARN_UNUSED_FUNCTION = YES;
				GCC_WARN_UNUSED_VARIABLE = YES;
				IPHONEOS_DEPLOYMENT_TARGET = 10.0;
				MTL_ENABLE_DEBUG_INFO = YES;
				ONLY_ACTIVE_ARCH = YES;
				SDKROOT = iphoneos;
			};
			name = Debug;
		};
		513051481DB1504400729D1C /* Release */ = {
			isa = XCBuildConfiguration;
			buildSettings = {
				ALWAYS_SEARCH_USER_PATHS = NO;
				CLANG_ANALYZER_NONNULL = YES;
				CLANG_CXX_LANGUAGE_STANDARD = "gnu++0x";
				CLANG_CXX_LIBRARY = "libc++";
				CLANG_ENABLE_MODULES = YES;
				CLANG_ENABLE_OBJC_ARC = YES;
				CLANG_WARN_BOOL_CONVERSION = YES;
				CLANG_WARN_CONSTANT_CONVERSION = YES;
				CLANG_WARN_DIRECT_OBJC_ISA_USAGE = YES_ERROR;
				CLANG_WARN_DOCUMENTATION_COMMENTS = YES;
				CLANG_WARN_EMPTY_BODY = YES;
				CLANG_WARN_ENUM_CONVERSION = YES;
				CLANG_WARN_INFINITE_RECURSION = YES;
				CLANG_WARN_INT_CONVERSION = YES;
				CLANG_WARN_OBJC_ROOT_CLASS = YES_ERROR;
				CLANG_WARN_SUSPICIOUS_MOVES = YES;
				CLANG_WARN_UNREACHABLE_CODE = YES;
				CLANG_WARN__DUPLICATE_METHOD_MATCH = YES;
				"CODE_SIGN_IDENTITY[sdk=iphoneos*]" = "iPhone Developer";
				COPY_PHASE_STRIP = NO;
				DEBUG_INFORMATION_FORMAT = "dwarf-with-dsym";
				ENABLE_NS_ASSERTIONS = NO;
				ENABLE_STRICT_OBJC_MSGSEND = YES;
				GCC_C_LANGUAGE_STANDARD = gnu99;
				GCC_NO_COMMON_BLOCKS = YES;
				GCC_WARN_64_TO_32_BIT_CONVERSION = YES;
				GCC_WARN_ABOUT_RETURN_TYPE = YES_ERROR;
				GCC_WARN_UNDECLARED_SELECTOR = YES;
				GCC_WARN_UNINITIALIZED_AUTOS = YES_AGGRESSIVE;
				GCC_WARN_UNUSED_FUNCTION = YES;
				GCC_WARN_UNUSED_VARIABLE = YES;
				IPHONEOS_DEPLOYMENT_TARGET = 10.0;
				MTL_ENABLE_DEBUG_INFO = NO;
				SDKROOT = iphoneos;
				VALIDATE_PRODUCT = YES;
			};
			name = Release;
		};
		5130514A1DB1504400729D1C /* Debug */ = {
			isa = XCBuildConfiguration;
			buildSettings = {
				DEVELOPMENT_TEAM = TZ45ZW2588;
				OTHER_LDFLAGS = "-ObjC";
				PRODUCT_NAME = "$(TARGET_NAME)";
				SKIP_INSTALL = YES;
			};
			name = Debug;
		};
		5130514B1DB1504400729D1C /* Release */ = {
			isa = XCBuildConfiguration;
			buildSettings = {
				DEVELOPMENT_TEAM = TZ45ZW2588;
				OTHER_LDFLAGS = "-ObjC";
				PRODUCT_NAME = "$(TARGET_NAME)";
				SKIP_INSTALL = YES;
			};
			name = Release;
		};
/* End XCBuildConfiguration section */

/* Begin XCConfigurationList section */
		5130513B1DB1504400729D1C /* Build configuration list for PBXProject "TapittyTapTap" */ = {
			isa = XCConfigurationList;
			buildConfigurations = (
				513051471DB1504400729D1C /* Debug */,
				513051481DB1504400729D1C /* Release */,
			);
			defaultConfigurationIsVisible = 0;
			defaultConfigurationName = Release;
		};
		513051491DB1504400729D1C /* Build configuration list for PBXNativeTarget "TapittyTapTap" */ = {
			isa = XCConfigurationList;
			buildConfigurations = (
				5130514A1DB1504400729D1C /* Debug */,
				5130514B1DB1504400729D1C /* Release */,
			);
			defaultConfigurationIsVisible = 0;
		};
/* End XCConfigurationList section */
	};
	rootObject = 513051381DB1504400729D1C /* Project object */;
}
